PODS:
  - Alamofire (5.0.0-beta.7)

DEPENDENCIES:
  - Alamofire (~> 5.0.0-beta.5)

SPEC REPOS:
  https://github.com/CocoaPods/Specs.git:
    - Alamofire

SPEC CHECKSUMS:
  Alamofire: bd07938ceecad59d2492aeecb1f785a8f2721160

PODFILE CHECKSUM: af428463dec8c6bf6a62340ff3ec275d4ae18c0b

COCOAPODS: 1.8.4
