// !$*UTF8*$!
{
	archiveVersion = 1;
	classes = {
	};
	objectVersion = 51;
	objects = {

/* Begin PBXBuildFile section */
		2331EE0C230E9AD200404760 /* AppDelegate.swift in Sources */ = {isa = PBXBuildFile; fileRef = 2331EE0B230E9AD200404760 /* AppDelegate.swift */; };
		2331EE0E230E9AD200404760 /* ViewController.swift in Sources */ = {isa = PBXBuildFile; fileRef = 2331EE0D230E9AD200404760 /* ViewController.swift */; };
		2331EE11230E9AD200404760 /* Main.storyboard in Resources */ = {isa = PBXBuildFile; fileRef = 2331EE0F230E9AD200404760 /* Main.storyboard */; };
		2331EE13230E9AD500404760 /* Assets.xcassets in Resources */ = {isa = PBXBuildFile; fileRef = 2331EE12230E9AD500404760 /* Assets.xcassets */; };
		2331EE16230E9AD500404760 /* LaunchScreen.storyboard in Resources */ = {isa = PBXBuildFile; fileRef = 2331EE14230E9AD500404760 /* LaunchScreen.storyboard */; };
		2331EE2C230E9E4D00404760 /* UploadData.swift in Sources */ = {isa = PBXBuildFile; fileRef = 2331EE2B230E9E4D00404760 /* UploadData.swift */; };
		2331EE2E230E9E7100404760 /* APIClient.swift in Sources */ = {isa = PBXBuildFile; fileRef = 2331EE2D230E9E7100404760 /* APIClient.swift */; };
		2331EE30230E9ED900404760 /* Router.swift in Sources */ = {isa = PBXBuildFile; fileRef = 2331EE2F230E9ED900404760 /* Router.swift */; };
		23B69755248A5C11008872FE /* APIErrorModel.swift in Sources */ = {isa = PBXBuildFile; fileRef = 23B69754248A5C11008872FE /* APIErrorModel.swift */; };
		23B69758248A5C76008872FE /* Router + Base.swift in Sources */ = {isa = PBXBuildFile; fileRef = 23B69757248A5C76008872FE /* Router + Base.swift */; };
		23D5B129248977CE0001E45F /* PostsResponse.swift in Sources */ = {isa = PBXBuildFile; fileRef = 23D5B128248977CE0001E45F /* PostsResponse.swift */; };
		23D5B12C2489781C0001E45F /* SampleGateway.swift in Sources */ = {isa = PBXBuildFile; fileRef = 23D5B12B2489781C0001E45F /* SampleGateway.swift */; };
		23D5B12E24897BB00001E45F /* PostResponse.swift in Sources */ = {isa = PBXBuildFile; fileRef = 23D5B12D24897BB00001E45F /* PostResponse.swift */; };
		23D5B130248990C50001E45F /* ConsoleLogger.swift in Sources */ = {isa = PBXBuildFile; fileRef = 23D5B12F248990C40001E45F /* ConsoleLogger.swift */; };
		23ECAEFF2489386D00049E66 /* VoidResponse.swift in Sources */ = {isa = PBXBuildFile; fileRef = 23ECAEFE2489386D00049E66 /* VoidResponse.swift */; };
		23ECAF012489388300049E66 /* APIError.swift in Sources */ = {isa = PBXBuildFile; fileRef = 23ECAF002489388300049E66 /* APIError.swift */; };
		23ECAF062489628300049E66 /* SampleRouter.swift in Sources */ = {isa = PBXBuildFile; fileRef = 23ECAF052489628300049E66 /* SampleRouter.swift */; };
		23ECAF0824896F6600049E66 /* UsersPostRequestModel.swift in Sources */ = {isa = PBXBuildFile; fileRef = 23ECAF0724896F6600049E66 /* UsersPostRequestModel.swift */; };
		23ECAF0B2489710F00049E66 /* CreatePostRequestModel.swift in Sources */ = {isa = PBXBuildFile; fileRef = 23ECAF0A2489710F00049E66 /* CreatePostRequestModel.swift */; };
		23ECAF0D2489750200049E66 /* UpdatePostRequestModel.swift in Sources */ = {isa = PBXBuildFile; fileRef = 23ECAF0C2489750200049E66 /* UpdatePostRequestModel.swift */; };
		B58E3617DC2422DDA4B6229D /* Pods_AlamofireNetworkManagerSample.framework in Frameworks */ = {isa = PBXBuildFile; fileRef = FE4532B22B318F368DFDBA29 /* Pods_AlamofireNetworkManagerSample.framework */; };
/* End PBXBuildFile section */

/* Begin PBXFileReference section */
		2331EE08230E9AD200404760 /* AlamofireNetworkManagerSample.app */ = {isa = PBXFileReference; explicitFileType = wrapper.application; includeInIndex = 0; path = AlamofireNetworkManagerSample.app; sourceTree = BUILT_PRODUCTS_DIR; };
		2331EE0B230E9AD200404760 /* AppDelegate.swift */ = {isa = PBXFileReference; lastKnownFileType = sourcecode.swift; path = AppDelegate.swift; sourceTree = "<group>"; };
		2331EE0D230E9AD200404760 /* ViewController.swift */ = {isa = PBXFileReference; lastKnownFileType = sourcecode.swift; path = ViewController.swift; sourceTree = "<group>"; };
		2331EE10230E9AD200404760 /* Base */ = {isa = PBXFileReference; lastKnownFileType = file.storyboard; name = Base; path = Base.lproj/Main.storyboard; sourceTree = "<group>"; };
		2331EE12230E9AD500404760 /* Assets.xcassets */ = {isa = PBXFileReference; lastKnownFileType = folder.assetcatalog; path = Assets.xcassets; sourceTree = "<group>"; };
		2331EE15230E9AD500404760 /* Base */ = {isa = PBXFileReference; lastKnownFileType = file.storyboard; name = Base; path = Base.lproj/LaunchScreen.storyboard; sourceTree = "<group>"; };
		2331EE17230E9AD500404760 /* Info.plist */ = {isa = PBXFileReference; lastKnownFileType = text.plist.xml; path = Info.plist; sourceTree = "<group>"; };
		2331EE2B230E9E4D00404760 /* UploadData.swift */ = {isa = PBXFileReference; lastKnownFileType = sourcecode.swift; path = UploadData.swift; sourceTree = "<group>"; };
		2331EE2D230E9E7100404760 /* APIClient.swift */ = {isa = PBXFileReference; lastKnownFileType = sourcecode.swift; path = APIClient.swift; sourceTree = "<group>"; };
		2331EE2F230E9ED900404760 /* Router.swift */ = {isa = PBXFileReference; lastKnownFileType = sourcecode.swift; path = Router.swift; sourceTree = "<group>"; };
		23B69754248A5C11008872FE /* APIErrorModel.swift */ = {isa = PBXFileReference; lastKnownFileType = sourcecode.swift; path = APIErrorModel.swift; sourceTree = "<group>"; };
		23B69757248A5C76008872FE /* Router + Base.swift */ = {isa = PBXFileReference; lastKnownFileType = sourcecode.swift; path = "Router + Base.swift"; sourceTree = "<group>"; };
		23D5B128248977CE0001E45F /* PostsResponse.swift */ = {isa = PBXFileReference; lastKnownFileType = sourcecode.swift; path = PostsResponse.swift; sourceTree = "<group>"; };
		23D5B12B2489781C0001E45F /* SampleGateway.swift */ = {isa = PBXFileReference; lastKnownFileType = sourcecode.swift; path = SampleGateway.swift; sourceTree = "<group>"; };
		23D5B12D24897BB00001E45F /* PostResponse.swift */ = {isa = PBXFileReference; lastKnownFileType = sourcecode.swift; path = PostResponse.swift; sourceTree = "<group>"; };
		23D5B12F248990C40001E45F /* ConsoleLogger.swift */ = {isa = PBXFileReference; lastKnownFileType = sourcecode.swift; path = ConsoleLogger.swift; sourceTree = "<group>"; };
		23ECAEFE2489386D00049E66 /* VoidResponse.swift */ = {isa = PBXFileReference; lastKnownFileType = sourcecode.swift; path = VoidResponse.swift; sourceTree = "<group>"; };
		23ECAF002489388300049E66 /* APIError.swift */ = {isa = PBXFileReference; lastKnownFileType = sourcecode.swift; path = APIError.swift; sourceTree = "<group>"; };
		23ECAF052489628300049E66 /* SampleRouter.swift */ = {isa = PBXFileReference; lastKnownFileType = sourcecode.swift; path = SampleRouter.swift; sourceTree = "<group>"; };
		23ECAF0724896F6600049E66 /* UsersPostRequestModel.swift */ = {isa = PBXFileReference; lastKnownFileType = sourcecode.swift; path = UsersPostRequestModel.swift; sourceTree = "<group>"; };
		23ECAF0A2489710F00049E66 /* CreatePostRequestModel.swift */ = {isa = PBXFileReference; lastKnownFileType = sourcecode.swift; path = CreatePostRequestModel.swift; sourceTree = "<group>"; };
		23ECAF0C2489750200049E66 /* UpdatePostRequestModel.swift */ = {isa = PBXFileReference; lastKnownFileType = sourcecode.swift; path = UpdatePostRequestModel.swift; sourceTree = "<group>"; };
		33359D5CD9ECD25B59495F9B /* Pods-AlamofireNetworkManagerSample.release.xcconfig */ = {isa = PBXFileReference; includeInIndex = 1; lastKnownFileType = text.xcconfig; name = "Pods-AlamofireNetworkManagerSample.release.xcconfig"; path = "Target Support Files/Pods-AlamofireNetworkManagerSample/Pods-AlamofireNetworkManagerSample.release.xcconfig"; sourceTree = "<group>"; };
		62105FCBD8A618280C3B0622 /* Pods-AlamofireNetworkManagerSample.debug.xcconfig */ = {isa = PBXFileReference; includeInIndex = 1; lastKnownFileType = text.xcconfig; name = "Pods-AlamofireNetworkManagerSample.debug.xcconfig"; path = "Target Support Files/Pods-AlamofireNetworkManagerSample/Pods-AlamofireNetworkManagerSample.debug.xcconfig"; sourceTree = "<group>"; };
		FE4532B22B318F368DFDBA29 /* Pods_AlamofireNetworkManagerSample.framework */ = {isa = PBXFileReference; explicitFileType = wrapper.framework; includeInIndex = 0; path = Pods_AlamofireNetworkManagerSample.framework; sourceTree = BUILT_PRODUCTS_DIR; };
/* End PBXFileReference section */

/* Begin PBXFrameworksBuildPhase section */
		2331EE05230E9AD200404760 /* Frameworks */ = {
			isa = PBXFrameworksBuildPhase;
			buildActionMask = 2147483647;
			files = (
				B58E3617DC2422DDA4B6229D /* Pods_AlamofireNetworkManagerSample.framework in Frameworks */,
			);
			runOnlyForDeploymentPostprocessing = 0;
		};
/* End PBXFrameworksBuildPhase section */

/* Begin PBXGroup section */
		2331EDFF230E9AD200404760 = {
			isa = PBXGroup;
			children = (
				2331EE0A230E9AD200404760 /* AlamofireNetworkManagerSample */,
				2331EE09230E9AD200404760 /* Products */,
				E2A1C5329DB9AA3536DB8383 /* Pods */,
				8A1A0F7FF96F42B3D3E26457 /* Frameworks */,
			);
			sourceTree = "<group>";
		};
		2331EE09230E9AD200404760 /* Products */ = {
			isa = PBXGroup;
			children = (
				2331EE08230E9AD200404760 /* AlamofireNetworkManagerSample.app */,
			);
			name = Products;
			sourceTree = "<group>";
		};
		2331EE0A230E9AD200404760 /* AlamofireNetworkManagerSample */ = {
			isa = PBXGroup;
			children = (
				2331EE1F230E9B3200404760 /* Networking */,
				2331EE1D230E9AFF00404760 /* Support */,
				2331EE0D230E9AD200404760 /* ViewController.swift */,
				2331EE0F230E9AD200404760 /* Main.storyboard */,
			);
			path = AlamofireNetworkManagerSample;
			sourceTree = "<group>";
		};
		2331EE1D230E9AFF00404760 /* Support */ = {
			isa = PBXGroup;
			children = (
				2331EE17230E9AD500404760 /* Info.plist */,
				2331EE0B230E9AD200404760 /* AppDelegate.swift */,
				2331EE14230E9AD500404760 /* LaunchScreen.storyboard */,
				2331EE12230E9AD500404760 /* Assets.xcassets */,
			);
			name = Support;
			sourceTree = "<group>";
		};
		2331EE1F230E9B3200404760 /* Networking */ = {
			isa = PBXGroup;
			children = (
				2331EE2A230E9E3A00404760 /* Core */,
				2331EE33230EB29D00404760 /* Gateways */,
			);
			path = Networking;
			sourceTree = "<group>";
		};
		2331EE2A230E9E3A00404760 /* Core */ = {
			isa = PBXGroup;
			children = (
				23B69759248A5C9C008872FE /* Logger */,
				23B69756248A5C25008872FE /* Router */,
				23B69752248A5BF4008872FE /* Error */,
				23B69751248A5BE5008872FE /* Helpers */,
				2331EE2D230E9E7100404760 /* APIClient.swift */,
			);
			path = Core;
			sourceTree = "<group>";
		};
		2331EE33230EB29D00404760 /* Gateways */ = {
			isa = PBXGroup;
			children = (
				23ECAF022489623800049E66 /* Sample */,
			);
			path = Gateways;
			sourceTree = "<group>";
		};
		23B69751248A5BE5008872FE /* Helpers */ = {
			isa = PBXGroup;
			children = (
				23ECAEFE2489386D00049E66 /* VoidResponse.swift */,
				2331EE2B230E9E4D00404760 /* UploadData.swift */,
			);
			path = Helpers;
			sourceTree = "<group>";
		};
		23B69752248A5BF4008872FE /* Error */ = {
			isa = PBXGroup;
			children = (
				23ECAF002489388300049E66 /* APIError.swift */,
				23B69754248A5C11008872FE /* APIErrorModel.swift */,
			);
			path = Error;
			sourceTree = "<group>";
		};
		23B69756248A5C25008872FE /* Router */ = {
			isa = PBXGroup;
			children = (
				2331EE2F230E9ED900404760 /* Router.swift */,
				23B69757248A5C76008872FE /* Router + Base.swift */,
			);
			path = Router;
			sourceTree = "<group>";
		};
		23B69759248A5C9C008872FE /* Logger */ = {
			isa = PBXGroup;
			children = (
				23D5B12F248990C40001E45F /* ConsoleLogger.swift */,
			);
			path = Logger;
			sourceTree = "<group>";
		};
		23ECAF022489623800049E66 /* Sample */ = {
			isa = PBXGroup;
			children = (
				23ECAF042489626600049E66 /* Requests */,
				23ECAF032489625C00049E66 /* Response */,
				23ECAF052489628300049E66 /* SampleRouter.swift */,
				23D5B12B2489781C0001E45F /* SampleGateway.swift */,
			);
			path = Sample;
			sourceTree = "<group>";
		};
		23ECAF032489625C00049E66 /* Response */ = {
			isa = PBXGroup;
			children = (
				23D5B128248977CE0001E45F /* PostsResponse.swift */,
				23D5B12D24897BB00001E45F /* PostResponse.swift */,
			);
			path = Response;
			sourceTree = "<group>";
		};
		23ECAF042489626600049E66 /* Requests */ = {
			isa = PBXGroup;
			children = (
				23ECAF0724896F6600049E66 /* UsersPostRequestModel.swift */,
				23ECAF0A2489710F00049E66 /* CreatePostRequestModel.swift */,
				23ECAF0C2489750200049E66 /* UpdatePostRequestModel.swift */,
			);
			path = Requests;
			sourceTree = "<group>";
		};
		8A1A0F7FF96F42B3D3E26457 /* Frameworks */ = {
			isa = PBXGroup;
			children = (
				FE4532B22B318F368DFDBA29 /* Pods_AlamofireNetworkManagerSample.framework */,
			);
			name = Frameworks;
			sourceTree = "<group>";
		};
		E2A1C5329DB9AA3536DB8383 /* Pods */ = {
			isa = PBXGroup;
			children = (
				62105FCBD8A618280C3B0622 /* Pods-AlamofireNetworkManagerSample.debug.xcconfig */,
				33359D5CD9ECD25B59495F9B /* Pods-AlamofireNetworkManagerSample.release.xcconfig */,
			);
			path = Pods;
			sourceTree = "<group>";
		};
/* End PBXGroup section */

/* Begin PBXNativeTarget section */
		2331EE07230E9AD200404760 /* AlamofireNetworkManagerSample */ = {
			isa = PBXNativeTarget;
			buildConfigurationList = 2331EE1A230E9AD500404760 /* Build configuration list for PBXNativeTarget "AlamofireNetworkManagerSample" */;
			buildPhases = (
				F1DDE76E7A183B149F3F0D86 /* [CP] Check Pods Manifest.lock */,
				2331EE04230E9AD200404760 /* Sources */,
				2331EE05230E9AD200404760 /* Frameworks */,
				2331EE06230E9AD200404760 /* Resources */,
				CD896A750AC34687209ED556 /* [CP] Embed Pods Frameworks */,
			);
			buildRules = (
			);
			dependencies = (
			);
			name = AlamofireNetworkManagerSample;
			productName = AlamofireNetworkManagerSample;
			productReference = 2331EE08230E9AD200404760 /* AlamofireNetworkManagerSample.app */;
			productType = "com.apple.product-type.application";
		};
/* End PBXNativeTarget section */

/* Begin PBXProject section */
		2331EE00230E9AD200404760 /* Project object */ = {
			isa = PBXProject;
			attributes = {
				LastSwiftUpdateCheck = 1020;
				LastUpgradeCheck = 1020;
				ORGANIZATIONNAME = "Vlad Shmatok";
				TargetAttributes = {
					2331EE07230E9AD200404760 = {
						CreatedOnToolsVersion = 10.2.1;
					};
				};
			};
			buildConfigurationList = 2331EE03230E9AD200404760 /* Build configuration list for PBXProject "AlamofireNetworkManagerSample" */;
			compatibilityVersion = "Xcode 9.3";
			developmentRegion = en;
			hasScannedForEncodings = 0;
			knownRegions = (
				en,
				Base,
			);
			mainGroup = 2331EDFF230E9AD200404760;
			productRefGroup = 2331EE09230E9AD200404760 /* Products */;
			projectDirPath = "";
			projectRoot = "";
			targets = (
				2331EE07230E9AD200404760 /* AlamofireNetworkManagerSample */,
			);
		};
/* End PBXProject section */

/* Begin PBXResourcesBuildPhase section */
		2331EE06230E9AD200404760 /* Resources */ = {
			isa = PBXResourcesBuildPhase;
			buildActionMask = 2147483647;
			files = (
				2331EE16230E9AD500404760 /* LaunchScreen.storyboard in Resources */,
				2331EE13230E9AD500404760 /* Assets.xcassets in Resources */,
				2331EE11230E9AD200404760 /* Main.storyboard in Resources */,
			);
			runOnlyForDeploymentPostprocessing = 0;
		};
/* End PBXResourcesBuildPhase section */

/* Begin PBXShellScriptBuildPhase section */
		CD896A750AC34687209ED556 /* [CP] Embed Pods Frameworks */ = {
			isa = PBXShellScriptBuildPhase;
			buildActionMask = 2147483647;
			files = (
			);
			inputFileListPaths = (
				"${PODS_ROOT}/Target Support Files/Pods-AlamofireNetworkManagerSample/Pods-AlamofireNetworkManagerSample-frameworks-${CONFIGURATION}-input-files.xcfilelist",
			);
			name = "[CP] Embed Pods Frameworks";
			outputFileListPaths = (
				"${PODS_ROOT}/Target Support Files/Pods-AlamofireNetworkManagerSample/Pods-AlamofireNetworkManagerSample-frameworks-${CONFIGURATION}-output-files.xcfilelist",
			);
			runOnlyForDeploymentPostprocessing = 0;
			shellPath = /bin/sh;
			shellScript = "\"${PODS_ROOT}/Target Support Files/Pods-AlamofireNetworkManagerSample/Pods-AlamofireNetworkManagerSample-frameworks.sh\"\n";
			showEnvVarsInLog = 0;
		};
		F1DDE76E7A183B149F3F0D86 /* [CP] Check Pods Manifest.lock */ = {
			isa = PBXShellScriptBuildPhase;
			buildActionMask = 2147483647;
			files = (
			);
			inputFileListPaths = (
			);
			inputPaths = (
				"${PODS_PODFILE_DIR_PATH}/Podfile.lock",
				"${PODS_ROOT}/Manifest.lock",
			);
			name = "[CP] Check Pods Manifest.lock";
			outputFileListPaths = (
			);
			outputPaths = (
				"$(DERIVED_FILE_DIR)/Pods-AlamofireNetworkManagerSample-checkManifestLockResult.txt",
			);
			runOnlyForDeploymentPostprocessing = 0;
			shellPath = /bin/sh;
			shellScript = "diff \"${PODS_PODFILE_DIR_PATH}/Podfile.lock\" \"${PODS_ROOT}/Manifest.lock\" > /dev/null\nif [ $? != 0 ] ; then\n    # print error to STDERR\n    echo \"error: The sandbox is not in sync with the Podfile.lock. Run 'pod install' or update your CocoaPods installation.\" >&2\n    exit 1\nfi\n# This output is used by Xcode 'outputs' to avoid re-running this script phase.\necho \"SUCCESS\" > \"${SCRIPT_OUTPUT_FILE_0}\"\n";
			showEnvVarsInLog = 0;
		};
/* End PBXShellScriptBuildPhase section */

/* Begin PBXSourcesBuildPhase section */
		2331EE04230E9AD200404760 /* Sources */ = {
			isa = PBXSourcesBuildPhase;
			buildActionMask = 2147483647;
			files = (
				2331EE2C230E9E4D00404760 /* UploadData.swift in Sources */,
				23ECAF0824896F6600049E66 /* UsersPostRequestModel.swift in Sources */,
				23D5B12E24897BB00001E45F /* PostResponse.swift in Sources */,
				23B69755248A5C11008872FE /* APIErrorModel.swift in Sources */,
				23D5B130248990C50001E45F /* ConsoleLogger.swift in Sources */,
				23D5B12C2489781C0001E45F /* SampleGateway.swift in Sources */,
				23D5B129248977CE0001E45F /* PostsResponse.swift in Sources */,
				2331EE0E230E9AD200404760 /* ViewController.swift in Sources */,
				2331EE30230E9ED900404760 /* Router.swift in Sources */,
				23ECAEFF2489386D00049E66 /* VoidResponse.swift in Sources */,
				23ECAF062489628300049E66 /* SampleRouter.swift in Sources */,
				23ECAF0D2489750200049E66 /* UpdatePostRequestModel.swift in Sources */,
				2331EE0C230E9AD200404760 /* AppDelegate.swift in Sources */,
				2331EE2E230E9E7100404760 /* APIClient.swift in Sources */,
				23B69758248A5C76008872FE /* Router + Base.swift in Sources */,
				23ECAF0B2489710F00049E66 /* CreatePostRequestModel.swift in Sources */,
				23ECAF012489388300049E66 /* APIError.swift in Sources */,
			);
			runOnlyForDeploymentPostprocessing = 0;
		};
/* End PBXSourcesBuildPhase section */

/* Begin PBXVariantGroup section */
		2331EE0F230E9AD200404760 /* Main.storyboard */ = {
			isa = PBXVariantGroup;
			children = (
				2331EE10230E9AD200404760 /* Base */,
			);
			name = Main.storyboard;
			sourceTree = "<group>";
		};
		2331EE14230E9AD500404760 /* LaunchScreen.storyboard */ = {
			isa = PBXVariantGroup;
			children = (
				2331EE15230E9AD500404760 /* Base */,
			);
			name = LaunchScreen.storyboard;
			sourceTree = "<group>";
		};
/* End PBXVariantGroup section */

/* Begin XCBuildConfiguration section */
		2331EE18230E9AD500404760 /* Debug */ = {
			isa = XCBuildConfiguration;
			buildSettings = {
				ALWAYS_SEARCH_USER_PATHS = NO;
				CLANG_ANALYZER_NONNULL = YES;
				CLANG_ANALYZER_NUMBER_OBJECT_CONVERSION = YES_AGGRESSIVE;
				CLANG_CXX_LANGUAGE_STANDARD = "gnu++14";
				CLANG_CXX_LIBRARY = "libc++";
				CLANG_ENABLE_MODULES = YES;
				CLANG_ENABLE_OBJC_ARC = YES;
				CLANG_ENABLE_OBJC_WEAK = YES;
				CLANG_WARN_BLOCK_CAPTURE_AUTORELEASING = YES;
				CLANG_WARN_BOOL_CONVERSION = YES;
				CLANG_WARN_COMMA = YES;
				CLANG_WARN_CONSTANT_CONVERSION = YES;
				CLANG_WARN_DEPRECATED_OBJC_IMPLEMENTATIONS = YES;
				CLANG_WARN_DIRECT_OBJC_ISA_USAGE = YES_ERROR;
				CLANG_WARN_DOCUMENTATION_COMMENTS = YES;
				CLANG_WARN_EMPTY_BODY = YES;
				CLANG_WARN_ENUM_CONVERSION = YES;
				CLANG_WARN_INFINITE_RECURSION = YES;
				CLANG_WARN_INT_CONVERSION = YES;
				CLANG_WARN_NON_LITERAL_NULL_CONVERSION = YES;
				CLANG_WARN_OBJC_IMPLICIT_RETAIN_SELF = YES;
				CLANG_WARN_OBJC_LITERAL_CONVERSION = YES;
				CLANG_WARN_OBJC_ROOT_CLASS = YES_ERROR;
				CLANG_WARN_RANGE_LOOP_ANALYSIS = YES;
				CLANG_WARN_STRICT_PROTOTYPES = YES;
				CLANG_WARN_SUSPICIOUS_MOVE = YES;
				CLANG_WARN_UNGUARDED_AVAILABILITY = YES_AGGRESSIVE;
				CLANG_WARN_UNREACHABLE_CODE = YES;
				CLANG_WARN__DUPLICATE_METHOD_MATCH = YES;
				CODE_SIGN_IDENTITY = "iPhone Developer";
				COPY_PHASE_STRIP = NO;
				DEBUG_INFORMATION_FORMAT = dwarf;
				ENABLE_STRICT_OBJC_MSGSEND = YES;
				ENABLE_TESTABILITY = YES;
				GCC_C_LANGUAGE_STANDARD = gnu11;
				GCC_DYNAMIC_NO_PIC = NO;
				GCC_NO_COMMON_BLOCKS = YES;
				GCC_OPTIMIZATION_LEVEL = 0;
				GCC_PREPROCESSOR_DEFINITIONS = (
					"DEBUG=1",
					"$(inherited)",
				);
				GCC_WARN_64_TO_32_BIT_CONVERSION = YES;
				GCC_WARN_ABOUT_RETURN_TYPE = YES_ERROR;
				GCC_WARN_UNDECLARED_SELECTOR = YES;
				GCC_WARN_UNINITIALIZED_AUTOS = YES_AGGRESSIVE;
				GCC_WARN_UNUSED_FUNCTION = YES;
				GCC_WARN_UNUSED_VARIABLE = YES;
				IPHONEOS_DEPLOYMENT_TARGET = 12.2;
				MTL_ENABLE_DEBUG_INFO = INCLUDE_SOURCE;
				MTL_FAST_MATH = YES;
				ONLY_ACTIVE_ARCH = YES;
				SDKROOT = iphoneos;
				SWIFT_ACTIVE_COMPILATION_CONDITIONS = DEBUG;
				SWIFT_OPTIMIZATION_LEVEL = "-Onone";
			};
			name = Debug;
		};
		2331EE19230E9AD500404760 /* Release */ = {
			isa = XCBuildConfiguration;
			buildSettings = {
				ALWAYS_SEARCH_USER_PATHS = NO;
				CLANG_ANALYZER_NONNULL = YES;
				CLANG_ANALYZER_NUMBER_OBJECT_CONVERSION = YES_AGGRESSIVE;
				CLANG_CXX_LANGUAGE_STANDARD = "gnu++14";
				CLANG_CXX_LIBRARY = "libc++";
				CLANG_ENABLE_MODULES = YES;
				CLANG_ENABLE_OBJC_ARC = YES;
				CLANG_ENABLE_OBJC_WEAK = YES;
				CLANG_WARN_BLOCK_CAPTURE_AUTORELEASING = YES;
				CLANG_WARN_BOOL_CONVERSION = YES;
				CLANG_WARN_COMMA = YES;
				CLANG_WARN_CONSTANT_CONVERSION = YES;
				CLANG_WARN_DEPRECATED_OBJC_IMPLEMENTATIONS = YES;
				CLANG_WARN_DIRECT_OBJC_ISA_USAGE = YES_ERROR;
				CLANG_WARN_DOCUMENTATION_COMMENTS = YES;
				CLANG_WARN_EMPTY_BODY = YES;
				CLANG_WARN_ENUM_CONVERSION = YES;
				CLANG_WARN_INFINITE_RECURSION = YES;
				CLANG_WARN_INT_CONVERSION = YES;
				CLANG_WARN_NON_LITERAL_NULL_CONVERSION = YES;
				CLANG_WARN_OBJC_IMPLICIT_RETAIN_SELF = YES;
				CLANG_WARN_OBJC_LITERAL_CONVERSION = YES;
				CLANG_WARN_OBJC_ROOT_CLASS = YES_ERROR;
				CLANG_WARN_RANGE_LOOP_ANALYSIS = YES;
				CLANG_WARN_STRICT_PROTOTYPES = YES;
				CLANG_WARN_SUSPICIOUS_MOVE = YES;
				CLANG_WARN_UNGUARDED_AVAILABILITY = YES_AGGRESSIVE;
				CLANG_WARN_UNREACHABLE_CODE = YES;
				CLANG_WARN__DUPLICATE_METHOD_MATCH = YES;
				CODE_SIGN_IDENTITY = "iPhone Developer";
				COPY_PHASE_STRIP = NO;
				DEBUG_INFORMATION_FORMAT = "dwarf-with-dsym";
				ENABLE_NS_ASSERTIONS = NO;
				ENABLE_STRICT_OBJC_MSGSEND = YES;
				GCC_C_LANGUAGE_STANDARD = gnu11;
				GCC_NO_COMMON_BLOCKS = YES;
				GCC_WARN_64_TO_32_BIT_CONVERSION = YES;
				GCC_WARN_ABOUT_RETURN_TYPE = YES_ERROR;
				GCC_WARN_UNDECLARED_SELECTOR = YES;
				GCC_WARN_UNINITIALIZED_AUTOS = YES_AGGRESSIVE;
				GCC_WARN_UNUSED_FUNCTION = YES;
				GCC_WARN_UNUSED_VARIABLE = YES;
				IPHONEOS_DEPLOYMENT_TARGET = 12.2;
				MTL_ENABLE_DEBUG_INFO = NO;
				MTL_FAST_MATH = YES;
				SDKROOT = iphoneos;
				SWIFT_COMPILATION_MODE = wholemodule;
				SWIFT_OPTIMIZATION_LEVEL = "-O";
				VALIDATE_PRODUCT = YES;
			};
			name = Release;
		};
		2331EE1B230E9AD500404760 /* Debug */ = {
			isa = XCBuildConfiguration;
			baseConfigurationReference = 62105FCBD8A618280C3B0622 /* Pods-AlamofireNetworkManagerSample.debug.xcconfig */;
			buildSettings = {
				ASSETCATALOG_COMPILER_APPICON_NAME = AppIcon;
				CODE_SIGN_STYLE = Automatic;
				DEVELOPMENT_TEAM = S5M47Z99E4;
				INFOPLIST_FILE = AlamofireNetworkManagerSample/Info.plist;
				LD_RUNPATH_SEARCH_PATHS = (
					"$(inherited)",
					"@executable_path/Frameworks",
				);
				PRODUCT_BUNDLE_IDENTIFIER = Bladeware.AlamofireNetworkManagerSample;
				PRODUCT_NAME = "$(TARGET_NAME)";
				SWIFT_VERSION = 5.0;
				TARGETED_DEVICE_FAMILY = "1,2";
			};
			name = Debug;
		};
		2331EE1C230E9AD500404760 /* Release */ = {
			isa = XCBuildConfiguration;
			baseConfigurationReference = 33359D5CD9ECD25B59495F9B /* Pods-AlamofireNetworkManagerSample.release.xcconfig */;
			buildSettings = {
				ASSETCATALOG_COMPILER_APPICON_NAME = AppIcon;
				CODE_SIGN_STYLE = Automatic;
				DEVELOPMENT_TEAM = S5M47Z99E4;
				INFOPLIST_FILE = AlamofireNetworkManagerSample/Info.plist;
				LD_RUNPATH_SEARCH_PATHS = (
					"$(inherited)",
					"@executable_path/Frameworks",
				);
				PRODUCT_BUNDLE_IDENTIFIER = Bladeware.AlamofireNetworkManagerSample;
				PRODUCT_NAME = "$(TARGET_NAME)";
				SWIFT_VERSION = 5.0;
				TARGETED_DEVICE_FAMILY = "1,2";
			};
			name = Release;
		};
/* End XCBuildConfiguration section */

/* Begin XCConfigurationList section */
		2331EE03230E9AD200404760 /* Build configuration list for PBXProject "AlamofireNetworkManagerSample" */ = {
			isa = XCConfigurationList;
			buildConfigurations = (
				2331EE18230E9AD500404760 /* Debug */,
				2331EE19230E9AD500404760 /* Release */,
			);
			defaultConfigurationIsVisible = 0;
			defaultConfigurationName = Release;
		};
		2331EE1A230E9AD500404760 /* Build configuration list for PBXNativeTarget "AlamofireNetworkManagerSample" */ = {
			isa = XCConfigurationList;
			buildConfigurations = (
				2331EE1B230E9AD500404760 /* Debug */,
				2331EE1C230E9AD500404760 /* Release */,
			);
			defaultConfigurationIsVisible = 0;
			defaultConfigurationName = Release;
		};
/* End XCConfigurationList section */
	};
	rootObject = 2331EE00230E9AD200404760 /* Project object */;
}
